<?xml version="1.0" encoding="utf-8"?>
<Project ToolsVersion="4.0" xmlns="http://schemas.microsoft.com/developer/msbuild/2003">
  <ItemGroup>
    <ClCompile Include="main.cpp" />
    <ClCompile Include="precompiled.cpp" />
    <ClCompile Include="Array2D_imageProc.cpp" />
    <ClCompile Include="ConcurrentQueue.cpp" />
    <ClCompile Include="Constants.cpp" />
    <ClCompile Include="CrossThreadCallQueue.cpp" />
    <ClCompile Include="cvstuff.cpp" />
    <ClCompile Include="easyfft.cpp" />
    <ClCompile Include="events.cpp" />
    <ClCompile Include="gpgpu.cpp" />
    <ClCompile Include="colorspaces.cpp" />
    <ClCompile Include="cfg1.cpp" />
    <ClCompile Include="MyTimer.cpp" />
    <ClCompile Include="gpuBlur2_5.cpp" />
    <ClCompile Include="shade.cpp" />
    <ClCompile Include="simplexnoise.cpp" />
    <ClCompile Include="stefanfw.cpp" />
    <ClCompile Include="stuff.cpp" />
    <ClCompile Include="sw.cpp" />
    <ClCompile Include="TextureCache.cpp" />
    <ClCompile Include="util.cpp" />
  </ItemGroup>
  <ItemGroup>
    <ClInclude Include="precompiled.h" />
    <ClInclude Include="easyfft.h" />
    <ClInclude Include="gpgpu.h" />
    <ClInclude Include="gpuBlur2_5.h" />
    <ClInclude Include="shade.h" />
    <ClInclude Include="simplexnoise.h" />
    <ClInclude Include="stefanfw.h" />
    <ClInclude Include="stuff.h" />
    <ClInclude Include="sw.h" />
    <ClInclude Include="TextureCache.h" />
    <ClInclude Include="util.h" />
  </ItemGroup>
  <ItemGroup>
    <None Include="hcl_lib.fs" />
    <None Include="simplexnoise3d.fs.glsl" />
    <None Include="stuff.fs" />
  </ItemGroup>
  <ItemGroup>
    <Text Include="OldCode.txt" />
  </ItemGroup>
  <ItemGroup>
    <Filter Include="lxlib">
      <UniqueIdentifier>{84946c29-52d8-4217-be6f-d040dd19abdb}</UniqueIdentifier>
    </Filter>
  </ItemGroup>
</Project>